
Microsoft Visual Studio Solution File, Format Version 12.00
# Visual Studio Version 17
VisualStudioVersion = 17.13.35828.75 d17.13
MinimumVisualStudioVersion = 10.0.40219.1
Project("{FAE04EC0-301F-11D3-BF4B-00C04F79EFBC}") = "App1", "App1\App1.csproj", "{BD70A212-B030-4133-A075-4980077F3847}"
EndProject
Project("{FAE04EC0-301F-11D3-BF4B-00C04F79EFBC}") = "App2", "App2\App2.csproj", "{600EE41E-9F07-4D07-9D6B-0253F2A6821B}"
EndProject
Project("{E53339B2-1760-4266-BCC7-CA923CBCF16C}") = "docker-compose", "docker-compose.dcproj", "{81DDED9D-158B-E303-5F62-77A2896D2A5A}"
EndProject
Global
	GlobalSection(SolutionConfigurationPlatforms) = preSolution
		Debug|Any CPU = Debug|Any CPU
		Release|Any CPU = Release|Any CPU
	EndGlobalSection
	GlobalSection(ProjectConfigurationPlatforms) = postSolution
		{BD70A212-B030-4133-A075-4980077F3847}.Debug|Any CPU.ActiveCfg = Debug|Any CPU
		{BD70A212-B030-4133-A075-4980077F3847}.Debug|Any CPU.Build.0 = Debug|Any CPU
		{BD70A212-B030-4133-A075-4980077F3847}.Release|Any CPU.ActiveCfg = Release|Any CPU
		{BD70A212-B030-4133-A075-4980077F3847}.Release|Any CPU.Build.0 = Release|Any CPU
		{600EE41E-9F07-4D07-9D6B-0253F2A6821B}.Debug|Any CPU.ActiveCfg = Debug|Any CPU
		{600EE41E-9F07-4D07-9D6B-0253F2A6821B}.Debug|Any CPU.Build.0 = Debug|Any CPU
		{600EE41E-9F07-4D07-9D6B-0253F2A6821B}.Release|Any CPU.ActiveCfg = Release|Any CPU
		{600EE41E-9F07-4D07-9D6B-0253F2A6821B}.Release|Any CPU.Build.0 = Release|Any CPU
		{81DDED9D-158B-E303-5F62-77A2896D2A5A}.Debug|Any CPU.ActiveCfg = Debug|Any CPU
		{81DDED9D-158B-E303-5F62-77A2896D2A5A}.Debug|Any CPU.Build.0 = Debug|Any CPU
		{81DDED9D-158B-E303-5F62-77A2896D2A5A}.Release|Any CPU.ActiveCfg = Release|Any CPU
		{81DDED9D-158B-E303-5F62-77A2896D2A5A}.Release|Any CPU.Build.0 = Release|Any CPU
	EndGlobalSection
	GlobalSection(SolutionProperties) = preSolution
		HideSolutionNode = FALSE
	EndGlobalSection
	GlobalSection(ExtensibilityGlobals) = postSolution
		SolutionGuid = {67F1755D-B071-4D01-A795-88083582B192}
	EndGlobalSection
EndGlobal
